<?xml version="1.0" encoding="utf-8"?>
<Project ToolsVersion="4.0" xmlns="http://schemas.microsoft.com/developer/msbuild/2003">
  <ItemGroup>
    <Filter Include="win32">
      <UniqueIdentifier>{84a8ebd7-7cf0-47f6-b75e-d441df67da40}</UniqueIdentifier>
    </Filter>
    <Filter Include="resource">
      <UniqueIdentifier>{715254bc-d70b-4ec5-bf29-467dd3ace079}</UniqueIdentifier>
    </Filter>
    <Filter Include="src">
      <UniqueIdentifier>{bb6c862e-70e9-49d9-81b7-3829a6f50471}</UniqueIdentifier>
    </Filter>
    <Filter Include="src\XiangGuHuaJi">
      <UniqueIdentifier>{60712919-2c89-4a3a-ab80-47ae845ac1d4}</UniqueIdentifier>
    </Filter>
    <Filter Include="src\LogReader">
      <UniqueIdentifier>{65c7a1bf-2840-4c81-b27e-5171233cec27}</UniqueIdentifier>
    </Filter>
    <Filter Include="src\HuaJiClient">
      <UniqueIdentifier>{833fdaf5-a451-45a0-b9e1-3e424a2e5a7b}</UniqueIdentifier>
    </Filter>
  </ItemGroup>
  <ItemGroup>
    <ClCompile Include="main.cpp">
      <Filter>win32</Filter>
    </ClCompile>
    <ClCompile Include="..\Classes\AppDelegate.cpp">
      <Filter>src</Filter>
    </ClCompile>
    <ClCompile Include="..\Classes\HelloWorldScene.cpp">
      <Filter>src</Filter>
    </ClCompile>
    <ClCompile Include="..\Classes\XiangGuHuaJi\game.cpp">
      <Filter>src\XiangGuHuaJi</Filter>
    </ClCompile>
    <ClCompile Include="..\Classes\XiangGuHuaJi\map.cpp">
      <Filter>src\XiangGuHuaJi</Filter>
    </ClCompile>
    <ClCompile Include="..\Classes\XiangGuHuaJi\player.cpp">
      <Filter>src\XiangGuHuaJi</Filter>
    </ClCompile>
    <ClCompile Include="..\Classes\LogReader\LogReader.cpp">
      <Filter>src\LogReader</Filter>
    </ClCompile>
    <ClCompile Include="..\Classes\HuaJiClient\xghj_protocol.cpp">
      <Filter>src\HuaJiClient</Filter>
    </ClCompile>
    <ClCompile Include="..\Classes\XiangGuHuaJi\military_kernel.cpp">
      <Filter>src\XiangGuHuaJi</Filter>
    </ClCompile>
    <ClCompile Include="HelloWorldScene.web.cpp">
      <Filter>src</Filter>
    </ClCompile>
  </ItemGroup>
  <ItemGroup>
    <ClInclude Include="main.h">
      <Filter>win32</Filter>
    </ClInclude>
    <ClInclude Include="..\Classes\AppDelegate.h">
      <Filter>src</Filter>
    </ClInclude>
    <ClInclude Include="..\Classes\HelloWorldScene.h">
      <Filter>src</Filter>
    </ClInclude>
    <ClInclude Include="..\Classes\XiangGuHuaJi\game.h">
      <Filter>src\XiangGuHuaJi</Filter>
    </ClInclude>
    <ClInclude Include="..\Classes\XiangGuHuaJi\map.h">
      <Filter>src\XiangGuHuaJi</Filter>
    </ClInclude>
    <ClInclude Include="..\Classes\XiangGuHuaJi\player.h">
      <Filter>src\XiangGuHuaJi</Filter>
    </ClInclude>
    <ClInclude Include="..\Classes\XiangGuHuaJi\debug.hpp">
      <Filter>src\XiangGuHuaJi</Filter>
    </ClInclude>
    <ClInclude Include="..\Classes\XiangGuHuaJi\ai.h">
      <Filter>src\XiangGuHuaJi</Filter>
    </ClInclude>
    <ClInclude Include="..\Classes\XiangGuHuaJi\definition.h">
      <Filter>src\XiangGuHuaJi</Filter>
    </ClInclude>
    <ClInclude Include="..\Classes\LogReader\LogReader.h">
      <Filter>src\LogReader</Filter>
    </ClInclude>
    <ClInclude Include="..\Classes\HuaJiClient\xghj_protocol.h">
      <Filter>src\HuaJiClient</Filter>
    </ClInclude>
    <ClInclude Include="..\Classes\XiangGuHuaJi\military_kernel.h">
      <Filter>src\XiangGuHuaJi</Filter>
    </ClInclude>
  </ItemGroup>
  <ItemGroup>
    <ResourceCompile Include="game.rc">
      <Filter>resource</Filter>
    </ResourceCompile>
  </ItemGroup>
</Project>